// !$*UTF8*$!
{
	archiveVersion = 1;
	classes = {
	};
	objectVersion = 46;
	objects = {

/* Begin PBXBuildFile section */
		3C4128D41C869260006F4ECD /* CoreDataStackManager.swift in Sources */ = {isa = PBXBuildFile; fileRef = 3C4128D31C869260006F4ECD /* CoreDataStackManager.swift */; };
		3C4128D71C892B17006F4ECD /* Pin.swift in Sources */ = {isa = PBXBuildFile; fileRef = 3C4128D61C892B17006F4ECD /* Pin.swift */; };
		3C4128DA1C892F76006F4ECD /* Model.xcdatamodeld in Sources */ = {isa = PBXBuildFile; fileRef = 3C4128D81C892F76006F4ECD /* Model.xcdatamodeld */; };
		3C5053031C82679600276B26 /* AppDelegate.swift in Sources */ = {isa = PBXBuildFile; fileRef = 3C5053021C82679600276B26 /* AppDelegate.swift */; };
		3C5053051C82679600276B26 /* ViewController.swift in Sources */ = {isa = PBXBuildFile; fileRef = 3C5053041C82679600276B26 /* ViewController.swift */; };
		3C5053081C82679600276B26 /* Main.storyboard in Resources */ = {isa = PBXBuildFile; fileRef = 3C5053061C82679600276B26 /* Main.storyboard */; };
		3C50530A1C82679600276B26 /* Assets.xcassets in Resources */ = {isa = PBXBuildFile; fileRef = 3C5053091C82679600276B26 /* Assets.xcassets */; };
		3C50530D1C82679600276B26 /* LaunchScreen.storyboard in Resources */ = {isa = PBXBuildFile; fileRef = 3C50530B1C82679600276B26 /* LaunchScreen.storyboard */; };
		3C5053181C82679600276B26 /* VirtualTouristTests.swift in Sources */ = {isa = PBXBuildFile; fileRef = 3C5053171C82679600276B26 /* VirtualTouristTests.swift */; };
		3C5053231C82679600276B26 /* VirtualTouristUITests.swift in Sources */ = {isa = PBXBuildFile; fileRef = 3C5053221C82679600276B26 /* VirtualTouristUITests.swift */; };
		3C75FBAF1C8CE52C00F9A1AC /* OMGHTTPURLRQ.framework in Frameworks */ = {isa = PBXBuildFile; fileRef = 3C75FBAD1C8CE52C00F9A1AC /* OMGHTTPURLRQ.framework */; };
		3C75FBB01C8CE52C00F9A1AC /* PromiseKit.framework in Frameworks */ = {isa = PBXBuildFile; fileRef = 3C75FBAE1C8CE52C00F9A1AC /* PromiseKit.framework */; };
		3C75FBC11C8CE85600F9A1AC /* afterlife.swift in Sources */ = {isa = PBXBuildFile; fileRef = 3C75FBB51C8CE85600F9A1AC /* afterlife.swift */; };
		3C75FBC21C8CE85600F9A1AC /* NSNotificationCenter+AnyPromise.m in Sources */ = {isa = PBXBuildFile; fileRef = 3C75FBB71C8CE85600F9A1AC /* NSNotificationCenter+AnyPromise.m */; };
		3C75FBC31C8CE85600F9A1AC /* NSNotificationCenter+Promise.swift in Sources */ = {isa = PBXBuildFile; fileRef = 3C75FBB81C8CE85600F9A1AC /* NSNotificationCenter+Promise.swift */; };
		3C75FBC41C8CE85600F9A1AC /* NSObject+Promise.swift in Sources */ = {isa = PBXBuildFile; fileRef = 3C75FBB91C8CE85600F9A1AC /* NSObject+Promise.swift */; };
		3C75FBC91C8CE85600F9A1AC /* NSURLSession+Promise.swift in Sources */ = {isa = PBXBuildFile; fileRef = 3C75FBC01C8CE85600F9A1AC /* NSURLSession+Promise.swift */; };
		3C75FBCB1C8CFEBA00F9A1AC /* FlickrClient.swift in Sources */ = {isa = PBXBuildFile; fileRef = 3C75FBCA1C8CFEBA00F9A1AC /* FlickrClient.swift */; };
		3C75FBCD1C8D279B00F9A1AC /* SwiftyJSON.framework in Frameworks */ = {isa = PBXBuildFile; fileRef = 3C75FBCC1C8D279B00F9A1AC /* SwiftyJSON.framework */; };
/* End PBXBuildFile section */

/* Begin PBXContainerItemProxy section */
		3C5053141C82679600276B26 /* PBXContainerItemProxy */ = {
			isa = PBXContainerItemProxy;
			containerPortal = 3C5052F71C82679600276B26 /* Project object */;
			proxyType = 1;
			remoteGlobalIDString = 3C5052FE1C82679600276B26;
			remoteInfo = VirtualTourist;
		};
		3C50531F1C82679600276B26 /* PBXContainerItemProxy */ = {
			isa = PBXContainerItemProxy;
			containerPortal = 3C5052F71C82679600276B26 /* Project object */;
			proxyType = 1;
			remoteGlobalIDString = 3C5052FE1C82679600276B26;
			remoteInfo = VirtualTourist;
		};
/* End PBXContainerItemProxy section */

/* Begin PBXFileReference section */
		3C4128D31C869260006F4ECD /* CoreDataStackManager.swift */ = {isa = PBXFileReference; fileEncoding = 4; lastKnownFileType = sourcecode.swift; path = CoreDataStackManager.swift; sourceTree = "<group>"; };
		3C4128D61C892B17006F4ECD /* Pin.swift */ = {isa = PBXFileReference; fileEncoding = 4; lastKnownFileType = sourcecode.swift; path = Pin.swift; sourceTree = "<group>"; };
		3C4128D91C892F76006F4ECD /* Model.xcdatamodel */ = {isa = PBXFileReference; lastKnownFileType = wrapper.xcdatamodel; path = Model.xcdatamodel; sourceTree = "<group>"; };
		3C5052FF1C82679600276B26 /* VirtualTourist.app */ = {isa = PBXFileReference; explicitFileType = wrapper.application; includeInIndex = 0; path = VirtualTourist.app; sourceTree = BUILT_PRODUCTS_DIR; };
		3C5053021C82679600276B26 /* AppDelegate.swift */ = {isa = PBXFileReference; lastKnownFileType = sourcecode.swift; path = AppDelegate.swift; sourceTree = "<group>"; };
		3C5053041C82679600276B26 /* ViewController.swift */ = {isa = PBXFileReference; lastKnownFileType = sourcecode.swift; path = ViewController.swift; sourceTree = "<group>"; };
		3C5053071C82679600276B26 /* Base */ = {isa = PBXFileReference; lastKnownFileType = file.storyboard; name = Base; path = Base.lproj/Main.storyboard; sourceTree = "<group>"; };
		3C5053091C82679600276B26 /* Assets.xcassets */ = {isa = PBXFileReference; lastKnownFileType = folder.assetcatalog; path = Assets.xcassets; sourceTree = "<group>"; };
		3C50530C1C82679600276B26 /* Base */ = {isa = PBXFileReference; lastKnownFileType = file.storyboard; name = Base; path = Base.lproj/LaunchScreen.storyboard; sourceTree = "<group>"; };
		3C50530E1C82679600276B26 /* Info.plist */ = {isa = PBXFileReference; lastKnownFileType = text.plist.xml; path = Info.plist; sourceTree = "<group>"; };
		3C5053131C82679600276B26 /* VirtualTouristTests.xctest */ = {isa = PBXFileReference; explicitFileType = wrapper.cfbundle; includeInIndex = 0; path = VirtualTouristTests.xctest; sourceTree = BUILT_PRODUCTS_DIR; };
		3C5053171C82679600276B26 /* VirtualTouristTests.swift */ = {isa = PBXFileReference; lastKnownFileType = sourcecode.swift; path = VirtualTouristTests.swift; sourceTree = "<group>"; };
		3C5053191C82679600276B26 /* Info.plist */ = {isa = PBXFileReference; lastKnownFileType = text.plist.xml; path = Info.plist; sourceTree = "<group>"; };
		3C50531E1C82679600276B26 /* VirtualTouristUITests.xctest */ = {isa = PBXFileReference; explicitFileType = wrapper.cfbundle; includeInIndex = 0; path = VirtualTouristUITests.xctest; sourceTree = BUILT_PRODUCTS_DIR; };
		3C5053221C82679600276B26 /* VirtualTouristUITests.swift */ = {isa = PBXFileReference; lastKnownFileType = sourcecode.swift; path = VirtualTouristUITests.swift; sourceTree = "<group>"; };
		3C5053241C82679600276B26 /* Info.plist */ = {isa = PBXFileReference; lastKnownFileType = text.plist.xml; path = Info.plist; sourceTree = "<group>"; };
		3C75FBAD1C8CE52C00F9A1AC /* OMGHTTPURLRQ.framework */ = {isa = PBXFileReference; lastKnownFileType = wrapper.framework; name = OMGHTTPURLRQ.framework; path = Carthage/Build/iOS/OMGHTTPURLRQ.framework; sourceTree = "<group>"; };
		3C75FBAE1C8CE52C00F9A1AC /* PromiseKit.framework */ = {isa = PBXFileReference; lastKnownFileType = wrapper.framework; name = PromiseKit.framework; path = Carthage/Build/iOS/PromiseKit.framework; sourceTree = "<group>"; };
		3C75FBB51C8CE85600F9A1AC /* afterlife.swift */ = {isa = PBXFileReference; fileEncoding = 4; lastKnownFileType = sourcecode.swift; name = afterlife.swift; path = VirtualTourist/PromiseKit/Categories/Foundation/afterlife.swift; sourceTree = "<group>"; };
		3C75FBB61C8CE85600F9A1AC /* NSNotificationCenter+AnyPromise.h */ = {isa = PBXFileReference; fileEncoding = 4; lastKnownFileType = sourcecode.c.h; name = "NSNotificationCenter+AnyPromise.h"; path = "VirtualTourist/PromiseKit/Categories/Foundation/NSNotificationCenter+AnyPromise.h"; sourceTree = "<group>"; };
		3C75FBB71C8CE85600F9A1AC /* NSNotificationCenter+AnyPromise.m */ = {isa = PBXFileReference; fileEncoding = 4; lastKnownFileType = sourcecode.c.objc; name = "NSNotificationCenter+AnyPromise.m"; path = "VirtualTourist/PromiseKit/Categories/Foundation/NSNotificationCenter+AnyPromise.m"; sourceTree = "<group>"; };
		3C75FBB81C8CE85600F9A1AC /* NSNotificationCenter+Promise.swift */ = {isa = PBXFileReference; fileEncoding = 4; lastKnownFileType = sourcecode.swift; name = "NSNotificationCenter+Promise.swift"; path = "VirtualTourist/PromiseKit/Categories/Foundation/NSNotificationCenter+Promise.swift"; sourceTree = "<group>"; };
		3C75FBB91C8CE85600F9A1AC /* NSObject+Promise.swift */ = {isa = PBXFileReference; fileEncoding = 4; lastKnownFileType = sourcecode.swift; name = "NSObject+Promise.swift"; path = "VirtualTourist/PromiseKit/Categories/Foundation/NSObject+Promise.swift"; sourceTree = "<group>"; };
		3C75FBC01C8CE85600F9A1AC /* NSURLSession+Promise.swift */ = {isa = PBXFileReference; fileEncoding = 4; lastKnownFileType = sourcecode.swift; name = "NSURLSession+Promise.swift"; path = "VirtualTourist/PromiseKit/Categories/Foundation/NSURLSession+Promise.swift"; sourceTree = "<group>"; };
		3C75FBCA1C8CFEBA00F9A1AC /* FlickrClient.swift */ = {isa = PBXFileReference; fileEncoding = 4; lastKnownFileType = sourcecode.swift; path = FlickrClient.swift; sourceTree = "<group>"; };
		3C75FBCC1C8D279B00F9A1AC /* SwiftyJSON.framework */ = {isa = PBXFileReference; lastKnownFileType = wrapper.framework; name = SwiftyJSON.framework; path = Carthage/Build/iOS/SwiftyJSON.framework; sourceTree = "<group>"; };
/* End PBXFileReference section */

/* Begin PBXFrameworksBuildPhase section */
		3C5052FC1C82679600276B26 /* Frameworks */ = {
			isa = PBXFrameworksBuildPhase;
			buildActionMask = 2147483647;
			files = (
				3C75FBCD1C8D279B00F9A1AC /* SwiftyJSON.framework in Frameworks */,
				3C75FBAF1C8CE52C00F9A1AC /* OMGHTTPURLRQ.framework in Frameworks */,
				3C75FBB01C8CE52C00F9A1AC /* PromiseKit.framework in Frameworks */,
			);
			runOnlyForDeploymentPostprocessing = 0;
		};
		3C5053101C82679600276B26 /* Frameworks */ = {
			isa = PBXFrameworksBuildPhase;
			buildActionMask = 2147483647;
			files = (
			);
			runOnlyForDeploymentPostprocessing = 0;
		};
		3C50531B1C82679600276B26 /* Frameworks */ = {
			isa = PBXFrameworksBuildPhase;
			buildActionMask = 2147483647;
			files = (
			);
			runOnlyForDeploymentPostprocessing = 0;
		};
/* End PBXFrameworksBuildPhase section */

/* Begin PBXGroup section */
		3C4128D51C892A6B006F4ECD /* Model */ = {
			isa = PBXGroup;
			children = (
				3C4128D61C892B17006F4ECD /* Pin.swift */,
				3C75FBCA1C8CFEBA00F9A1AC /* FlickrClient.swift */,
			);
			name = Model;
			sourceTree = "<group>";
		};
		3C5052F61C82679600276B26 = {
			isa = PBXGroup;
			children = (
				3C75FBB21C8CE81600F9A1AC /* lib */,
				3C5053011C82679600276B26 /* VirtualTourist */,
				3C5053161C82679600276B26 /* VirtualTouristTests */,
				3C5053211C82679600276B26 /* VirtualTouristUITests */,
				3C5053001C82679600276B26 /* Products */,
			);
			sourceTree = "<group>";
		};
		3C5053001C82679600276B26 /* Products */ = {
			isa = PBXGroup;
			children = (
				3C5052FF1C82679600276B26 /* VirtualTourist.app */,
				3C5053131C82679600276B26 /* VirtualTouristTests.xctest */,
				3C50531E1C82679600276B26 /* VirtualTouristUITests.xctest */,
			);
			name = Products;
			sourceTree = "<group>";
		};
		3C5053011C82679600276B26 /* VirtualTourist */ = {
			isa = PBXGroup;
			children = (
				3C4128D51C892A6B006F4ECD /* Model */,
				3C5053021C82679600276B26 /* AppDelegate.swift */,
				3C5053041C82679600276B26 /* ViewController.swift */,
				3C5053061C82679600276B26 /* Main.storyboard */,
				3C5053091C82679600276B26 /* Assets.xcassets */,
				3C50530B1C82679600276B26 /* LaunchScreen.storyboard */,
				3C50530E1C82679600276B26 /* Info.plist */,
				3C4128D31C869260006F4ECD /* CoreDataStackManager.swift */,
				3C4128D81C892F76006F4ECD /* Model.xcdatamodeld */,
			);
			path = VirtualTourist;
			sourceTree = "<group>";
		};
		3C5053161C82679600276B26 /* VirtualTouristTests */ = {
			isa = PBXGroup;
			children = (
				3C5053171C82679600276B26 /* VirtualTouristTests.swift */,
				3C5053191C82679600276B26 /* Info.plist */,
			);
			path = VirtualTouristTests;
			sourceTree = "<group>";
		};
		3C5053211C82679600276B26 /* VirtualTouristUITests */ = {
			isa = PBXGroup;
			children = (
				3C5053221C82679600276B26 /* VirtualTouristUITests.swift */,
				3C5053241C82679600276B26 /* Info.plist */,
			);
			path = VirtualTouristUITests;
			sourceTree = "<group>";
		};
		3C75FBB21C8CE81600F9A1AC /* lib */ = {
			isa = PBXGroup;
			children = (
				3C75FBB31C8CE82200F9A1AC /* Categories */,
				3C75FBAD1C8CE52C00F9A1AC /* OMGHTTPURLRQ.framework */,
				3C75FBCC1C8D279B00F9A1AC /* SwiftyJSON.framework */,
				3C75FBAE1C8CE52C00F9A1AC /* PromiseKit.framework */,
			);
			name = lib;
			sourceTree = "<group>";
		};
		3C75FBB31C8CE82200F9A1AC /* Categories */ = {
			isa = PBXGroup;
			children = (
				3C75FBB41C8CE82F00F9A1AC /* Foundation */,
			);
			name = Categories;
			sourceTree = "<group>";
		};
		3C75FBB41C8CE82F00F9A1AC /* Foundation */ = {
			isa = PBXGroup;
			children = (
				3C75FBB51C8CE85600F9A1AC /* afterlife.swift */,
				3C75FBB61C8CE85600F9A1AC /* NSNotificationCenter+AnyPromise.h */,
				3C75FBB71C8CE85600F9A1AC /* NSNotificationCenter+AnyPromise.m */,
				3C75FBB81C8CE85600F9A1AC /* NSNotificationCenter+Promise.swift */,
				3C75FBB91C8CE85600F9A1AC /* NSObject+Promise.swift */,
				3C75FBC01C8CE85600F9A1AC /* NSURLSession+Promise.swift */,
			);
			name = Foundation;
			sourceTree = "<group>";
		};
/* End PBXGroup section */

/* Begin PBXNativeTarget section */
		3C5052FE1C82679600276B26 /* VirtualTourist */ = {
			isa = PBXNativeTarget;
			buildConfigurationList = 3C5053271C82679600276B26 /* Build configuration list for PBXNativeTarget "VirtualTourist" */;
			buildPhases = (
				3C5052FB1C82679600276B26 /* Sources */,
				3C5052FC1C82679600276B26 /* Frameworks */,
				3C5052FD1C82679600276B26 /* Resources */,
				3C75FBB11C8CE65000F9A1AC /* ShellScript */,
			);
			buildRules = (
			);
			dependencies = (
			);
			name = VirtualTourist;
			productName = VirtualTourist;
			productReference = 3C5052FF1C82679600276B26 /* VirtualTourist.app */;
			productType = "com.apple.product-type.application";
		};
		3C5053121C82679600276B26 /* VirtualTouristTests */ = {
			isa = PBXNativeTarget;
			buildConfigurationList = 3C50532A1C82679600276B26 /* Build configuration list for PBXNativeTarget "VirtualTouristTests" */;
			buildPhases = (
				3C50530F1C82679600276B26 /* Sources */,
				3C5053101C82679600276B26 /* Frameworks */,
				3C5053111C82679600276B26 /* Resources */,
			);
			buildRules = (
			);
			dependencies = (
				3C5053151C82679600276B26 /* PBXTargetDependency */,
			);
			name = VirtualTouristTests;
			productName = VirtualTouristTests;
			productReference = 3C5053131C82679600276B26 /* VirtualTouristTests.xctest */;
			productType = "com.apple.product-type.bundle.unit-test";
		};
		3C50531D1C82679600276B26 /* VirtualTouristUITests */ = {
			isa = PBXNativeTarget;
			buildConfigurationList = 3C50532D1C82679600276B26 /* Build configuration list for PBXNativeTarget "VirtualTouristUITests" */;
			buildPhases = (
				3C50531A1C82679600276B26 /* Sources */,
				3C50531B1C82679600276B26 /* Frameworks */,
				3C50531C1C82679600276B26 /* Resources */,
			);
			buildRules = (
			);
			dependencies = (
				3C5053201C82679600276B26 /* PBXTargetDependency */,
			);
			name = VirtualTouristUITests;
			productName = VirtualTouristUITests;
			productReference = 3C50531E1C82679600276B26 /* VirtualTouristUITests.xctest */;
			productType = "com.apple.product-type.bundle.ui-testing";
		};
/* End PBXNativeTarget section */

/* Begin PBXProject section */
		3C5052F71C82679600276B26 /* Project object */ = {
			isa = PBXProject;
			attributes = {
				LastSwiftUpdateCheck = 0720;
				LastUpgradeCheck = 0720;
				ORGANIZATIONNAME = "Paul Salinas";
				TargetAttributes = {
					3C5052FE1C82679600276B26 = {
						CreatedOnToolsVersion = 7.2.1;
					};
					3C5053121C82679600276B26 = {
						CreatedOnToolsVersion = 7.2.1;
						TestTargetID = 3C5052FE1C82679600276B26;
					};
					3C50531D1C82679600276B26 = {
						CreatedOnToolsVersion = 7.2.1;
						TestTargetID = 3C5052FE1C82679600276B26;
					};
				};
			};
			buildConfigurationList = 3C5052FA1C82679600276B26 /* Build configuration list for PBXProject "VirtualTourist" */;
			compatibilityVersion = "Xcode 3.2";
			developmentRegion = English;
			hasScannedForEncodings = 0;
			knownRegions = (
				en,
				Base,
			);
			mainGroup = 3C5052F61C82679600276B26;
			productRefGroup = 3C5053001C82679600276B26 /* Products */;
			projectDirPath = "";
			projectRoot = "";
			targets = (
				3C5052FE1C82679600276B26 /* VirtualTourist */,
				3C5053121C82679600276B26 /* VirtualTouristTests */,
				3C50531D1C82679600276B26 /* VirtualTouristUITests */,
			);
		};
/* End PBXProject section */

/* Begin PBXResourcesBuildPhase section */
		3C5052FD1C82679600276B26 /* Resources */ = {
			isa = PBXResourcesBuildPhase;
			buildActionMask = 2147483647;
			files = (
				3C50530D1C82679600276B26 /* LaunchScreen.storyboard in Resources */,
				3C50530A1C82679600276B26 /* Assets.xcassets in Resources */,
				3C5053081C82679600276B26 /* Main.storyboard in Resources */,
			);
			runOnlyForDeploymentPostprocessing = 0;
		};
		3C5053111C82679600276B26 /* Resources */ = {
			isa = PBXResourcesBuildPhase;
			buildActionMask = 2147483647;
			files = (
			);
			runOnlyForDeploymentPostprocessing = 0;
		};
		3C50531C1C82679600276B26 /* Resources */ = {
			isa = PBXResourcesBuildPhase;
			buildActionMask = 2147483647;
			files = (
			);
			runOnlyForDeploymentPostprocessing = 0;
		};
/* End PBXResourcesBuildPhase section */

/* Begin PBXShellScriptBuildPhase section */
		3C75FBB11C8CE65000F9A1AC /* ShellScript */ = {
			isa = PBXShellScriptBuildPhase;
			buildActionMask = 2147483647;
			files = (
			);
			inputPaths = (
				"$(SRCROOT)/Carthage/Build/iOS/PromiseKit.framework",
				"$(SRCROOT)/Carthage/Build/iOS/OMGHTTPURLRQ.framework",
				"$(SRCROOT)/Carthage/Build/iOS/SwiftyJSON.framework",
			);
			outputPaths = (
			);
			runOnlyForDeploymentPostprocessing = 0;
			shellPath = /bin/sh;
			shellScript = "/usr/local/bin/carthage copy-frameworks";
		};
/* End PBXShellScriptBuildPhase section */

/* Begin PBXSourcesBuildPhase section */
		3C5052FB1C82679600276B26 /* Sources */ = {
			isa = PBXSourcesBuildPhase;
			buildActionMask = 2147483647;
			files = (
				3C75FBC31C8CE85600F9A1AC /* NSNotificationCenter+Promise.swift in Sources */,
				3C75FBC41C8CE85600F9A1AC /* NSObject+Promise.swift in Sources */,
				3C5053051C82679600276B26 /* ViewController.swift in Sources */,
				3C5053031C82679600276B26 /* AppDelegate.swift in Sources */,
				3C75FBC11C8CE85600F9A1AC /* afterlife.swift in Sources */,
				3C75FBC91C8CE85600F9A1AC /* NSURLSession+Promise.swift in Sources */,
				3C4128DA1C892F76006F4ECD /* Model.xcdatamodeld in Sources */,
				3C4128D41C869260006F4ECD /* CoreDataStackManager.swift in Sources */,
				3C75FBCB1C8CFEBA00F9A1AC /* FlickrClient.swift in Sources */,
				3C4128D71C892B17006F4ECD /* Pin.swift in Sources */,
				3C75FBC21C8CE85600F9A1AC /* NSNotificationCenter+AnyPromise.m in Sources */,
			);
			runOnlyForDeploymentPostprocessing = 0;
		};
		3C50530F1C82679600276B26 /* Sources */ = {
			isa = PBXSourcesBuildPhase;
			buildActionMask = 2147483647;
			files = (
				3C5053181C82679600276B26 /* VirtualTouristTests.swift in Sources */,
			);
			runOnlyForDeploymentPostprocessing = 0;
		};
		3C50531A1C82679600276B26 /* Sources */ = {
			isa = PBXSourcesBuildPhase;
			buildActionMask = 2147483647;
			files = (
				3C5053231C82679600276B26 /* VirtualTouristUITests.swift in Sources */,
			);
			runOnlyForDeploymentPostprocessing = 0;
		};
/* End PBXSourcesBuildPhase section */

/* Begin PBXTargetDependency section */
		3C5053151C82679600276B26 /* PBXTargetDependency */ = {
			isa = PBXTargetDependency;
			target = 3C5052FE1C82679600276B26 /* VirtualTourist */;
			targetProxy = 3C5053141C82679600276B26 /* PBXContainerItemProxy */;
		};
		3C5053201C82679600276B26 /* PBXTargetDependency */ = {
			isa = PBXTargetDependency;
			target = 3C5052FE1C82679600276B26 /* VirtualTourist */;
			targetProxy = 3C50531F1C82679600276B26 /* PBXContainerItemProxy */;
		};
/* End PBXTargetDependency section */

/* Begin PBXVariantGroup section */
		3C5053061C82679600276B26 /* Main.storyboard */ = {
			isa = PBXVariantGroup;
			children = (
				3C5053071C82679600276B26 /* Base */,
			);
			name = Main.storyboard;
			sourceTree = "<group>";
		};
		3C50530B1C82679600276B26 /* LaunchScreen.storyboard */ = {
			isa = PBXVariantGroup;
			children = (
				3C50530C1C82679600276B26 /* Base */,
			);
			name = LaunchScreen.storyboard;
			sourceTree = "<group>";
		};
/* End PBXVariantGroup section */

/* Begin XCBuildConfiguration section */
		3C5053251C82679600276B26 /* Debug */ = {
			isa = XCBuildConfiguration;
			buildSettings = {
				ALWAYS_SEARCH_USER_PATHS = NO;
				CLANG_CXX_LANGUAGE_STANDARD = "gnu++0x";
				CLANG_CXX_LIBRARY = "libc++";
				CLANG_ENABLE_MODULES = YES;
				CLANG_ENABLE_OBJC_ARC = YES;
				CLANG_WARN_BOOL_CONVERSION = YES;
				CLANG_WARN_CONSTANT_CONVERSION = YES;
				CLANG_WARN_DIRECT_OBJC_ISA_USAGE = YES_ERROR;
				CLANG_WARN_EMPTY_BODY = YES;
				CLANG_WARN_ENUM_CONVERSION = YES;
				CLANG_WARN_INT_CONVERSION = YES;
				CLANG_WARN_OBJC_ROOT_CLASS = YES_ERROR;
				CLANG_WARN_UNREACHABLE_CODE = YES;
				CLANG_WARN__DUPLICATE_METHOD_MATCH = YES;
				"CODE_SIGN_IDENTITY[sdk=iphoneos*]" = "iPhone Developer";
				COPY_PHASE_STRIP = NO;
				DEBUG_INFORMATION_FORMAT = dwarf;
				ENABLE_STRICT_OBJC_MSGSEND = YES;
				ENABLE_TESTABILITY = YES;
				GCC_C_LANGUAGE_STANDARD = gnu99;
				GCC_DYNAMIC_NO_PIC = NO;
				GCC_NO_COMMON_BLOCKS = YES;
				GCC_OPTIMIZATION_LEVEL = 0;
				GCC_PREPROCESSOR_DEFINITIONS = (
					"DEBUG=1",
					"$(inherited)",
				);
				GCC_WARN_64_TO_32_BIT_CONVERSION = YES;
				GCC_WARN_ABOUT_RETURN_TYPE = YES_ERROR;
				GCC_WARN_UNDECLARED_SELECTOR = YES;
				GCC_WARN_UNINITIALIZED_AUTOS = YES_AGGRESSIVE;
				GCC_WARN_UNUSED_FUNCTION = YES;
				GCC_WARN_UNUSED_VARIABLE = YES;
				IPHONEOS_DEPLOYMENT_TARGET = 9.2;
				MTL_ENABLE_DEBUG_INFO = YES;
				ONLY_ACTIVE_ARCH = YES;
				SDKROOT = iphoneos;
				SWIFT_OPTIMIZATION_LEVEL = "-Onone";
			};
			name = Debug;
		};
		3C5053261C82679600276B26 /* Release */ = {
			isa = XCBuildConfiguration;
			buildSettings = {
				ALWAYS_SEARCH_USER_PATHS = NO;
				CLANG_CXX_LANGUAGE_STANDARD = "gnu++0x";
				CLANG_CXX_LIBRARY = "libc++";
				CLANG_ENABLE_MODULES = YES;
				CLANG_ENABLE_OBJC_ARC = YES;
				CLANG_WARN_BOOL_CONVERSION = YES;
				CLANG_WARN_CONSTANT_CONVERSION = YES;
				CLANG_WARN_DIRECT_OBJC_ISA_USAGE = YES_ERROR;
				CLANG_WARN_EMPTY_BODY = YES;
				CLANG_WARN_ENUM_CONVERSION = YES;
				CLANG_WARN_INT_CONVERSION = YES;
				CLANG_WARN_OBJC_ROOT_CLASS = YES_ERROR;
				CLANG_WARN_UNREACHABLE_CODE = YES;
				CLANG_WARN__DUPLICATE_METHOD_MATCH = YES;
				"CODE_SIGN_IDENTITY[sdk=iphoneos*]" = "iPhone Developer";
				COPY_PHASE_STRIP = NO;
				DEBUG_INFORMATION_FORMAT = "dwarf-with-dsym";
				ENABLE_NS_ASSERTIONS = NO;
				ENABLE_STRICT_OBJC_MSGSEND = YES;
				GCC_C_LANGUAGE_STANDARD = gnu99;
				GCC_NO_COMMON_BLOCKS = YES;
				GCC_WARN_64_TO_32_BIT_CONVERSION = YES;
				GCC_WARN_ABOUT_RETURN_TYPE = YES_ERROR;
				GCC_WARN_UNDECLARED_SELECTOR = YES;
				GCC_WARN_UNINITIALIZED_AUTOS = YES_AGGRESSIVE;
				GCC_WARN_UNUSED_FUNCTION = YES;
				GCC_WARN_UNUSED_VARIABLE = YES;
				IPHONEOS_DEPLOYMENT_TARGET = 9.2;
				MTL_ENABLE_DEBUG_INFO = NO;
				SDKROOT = iphoneos;
				VALIDATE_PRODUCT = YES;
			};
			name = Release;
		};
		3C5053281C82679600276B26 /* Debug */ = {
			isa = XCBuildConfiguration;
			buildSettings = {
				ASSETCATALOG_COMPILER_APPICON_NAME = AppIcon;
				CLANG_ENABLE_MODULES = YES;
				FRAMEWORK_SEARCH_PATHS = (
					"$(inherited)",
					"$(PROJECT_DIR)/Carthage/Build/iOS",
				);
				INFOPLIST_FILE = VirtualTourist/Info.plist;
				LD_RUNPATH_SEARCH_PATHS = "$(inherited) @executable_path/Frameworks";
				PRODUCT_BUNDLE_IDENTIFIER = com.udacity.VirtualTourist;
				PRODUCT_NAME = "$(TARGET_NAME)";
				SWIFT_OPTIMIZATION_LEVEL = "-Onone";
			};
			name = Debug;
		};
		3C5053291C82679600276B26 /* Release */ = {
			isa = XCBuildConfiguration;
			buildSettings = {
				ASSETCATALOG_COMPILER_APPICON_NAME = AppIcon;
				CLANG_ENABLE_MODULES = YES;
				FRAMEWORK_SEARCH_PATHS = (
					"$(inherited)",
					"$(PROJECT_DIR)/Carthage/Build/iOS",
				);
				INFOPLIST_FILE = VirtualTourist/Info.plist;
				LD_RUNPATH_SEARCH_PATHS = "$(inherited) @executable_path/Frameworks";
				PRODUCT_BUNDLE_IDENTIFIER = com.udacity.VirtualTourist;
				PRODUCT_NAME = "$(TARGET_NAME)";
			};
			name = Release;
		};
		3C50532B1C82679600276B26 /* Debug */ = {
			isa = XCBuildConfiguration;
			buildSettings = {
				BUNDLE_LOADER = "$(TEST_HOST)";
				INFOPLIST_FILE = VirtualTouristTests/Info.plist;
				LD_RUNPATH_SEARCH_PATHS = "$(inherited) @executable_path/Frameworks @loader_path/Frameworks";
				PRODUCT_BUNDLE_IDENTIFIER = com.udacity.VirtualTouristTests;
				PRODUCT_NAME = "$(TARGET_NAME)";
				TEST_HOST = "$(BUILT_PRODUCTS_DIR)/VirtualTourist.app/VirtualTourist";
			};
			name = Debug;
		};
		3C50532C1C82679600276B26 /* Release */ = {
			isa = XCBuildConfiguration;
			buildSettings = {
				BUNDLE_LOADER = "$(TEST_HOST)";
				INFOPLIST_FILE = VirtualTouristTests/Info.plist;
				LD_RUNPATH_SEARCH_PATHS = "$(inherited) @executable_path/Frameworks @loader_path/Frameworks";
				PRODUCT_BUNDLE_IDENTIFIER = com.udacity.VirtualTouristTests;
				PRODUCT_NAME = "$(TARGET_NAME)";
				TEST_HOST = "$(BUILT_PRODUCTS_DIR)/VirtualTourist.app/VirtualTourist";
			};
			name = Release;
		};
		3C50532E1C82679600276B26 /* Debug */ = {
			isa = XCBuildConfiguration;
			buildSettings = {
				INFOPLIST_FILE = VirtualTouristUITests/Info.plist;
				LD_RUNPATH_SEARCH_PATHS = "$(inherited) @executable_path/Frameworks @loader_path/Frameworks";
				PRODUCT_BUNDLE_IDENTIFIER = com.udacity.VirtualTouristUITests;
				PRODUCT_NAME = "$(TARGET_NAME)";
				TEST_TARGET_NAME = VirtualTourist;
				USES_XCTRUNNER = YES;
			};
			name = Debug;
		};
		3C50532F1C82679600276B26 /* Release */ = {
			isa = XCBuildConfiguration;
			buildSettings = {
				INFOPLIST_FILE = VirtualTouristUITests/Info.plist;
				LD_RUNPATH_SEARCH_PATHS = "$(inherited) @executable_path/Frameworks @loader_path/Frameworks";
				PRODUCT_BUNDLE_IDENTIFIER = com.udacity.VirtualTouristUITests;
				PRODUCT_NAME = "$(TARGET_NAME)";
				TEST_TARGET_NAME = VirtualTourist;
				USES_XCTRUNNER = YES;
			};
			name = Release;
		};
/* End XCBuildConfiguration section */

/* Begin XCConfigurationList section */
		3C5052FA1C82679600276B26 /* Build configuration list for PBXProject "VirtualTourist" */ = {
			isa = XCConfigurationList;
			buildConfigurations = (
				3C5053251C82679600276B26 /* Debug */,
				3C5053261C82679600276B26 /* Release */,
			);
			defaultConfigurationIsVisible = 0;
			defaultConfigurationName = Release;
		};
		3C5053271C82679600276B26 /* Build configuration list for PBXNativeTarget "VirtualTourist" */ = {
			isa = XCConfigurationList;
			buildConfigurations = (
				3C5053281C82679600276B26 /* Debug */,
				3C5053291C82679600276B26 /* Release */,
			);
			defaultConfigurationIsVisible = 0;
			defaultConfigurationName = Release;
		};
		3C50532A1C82679600276B26 /* Build configuration list for PBXNativeTarget "VirtualTouristTests" */ = {
			isa = XCConfigurationList;
			buildConfigurations = (
				3C50532B1C82679600276B26 /* Debug */,
				3C50532C1C82679600276B26 /* Release */,
			);
			defaultConfigurationIsVisible = 0;
			defaultConfigurationName = Release;
		};
		3C50532D1C82679600276B26 /* Build configuration list for PBXNativeTarget "VirtualTouristUITests" */ = {
			isa = XCConfigurationList;
			buildConfigurations = (
				3C50532E1C82679600276B26 /* Debug */,
				3C50532F1C82679600276B26 /* Release */,
			);
			defaultConfigurationIsVisible = 0;
			defaultConfigurationName = Release;
		};
/* End XCConfigurationList section */

/* Begin XCVersionGroup section */
		3C4128D81C892F76006F4ECD /* Model.xcdatamodeld */ = {
			isa = XCVersionGroup;
			children = (
				3C4128D91C892F76006F4ECD /* Model.xcdatamodel */,
			);
			currentVersion = 3C4128D91C892F76006F4ECD /* Model.xcdatamodel */;
			path = Model.xcdatamodeld;
			sourceTree = "<group>";
			versionGroupType = wrapper.xcdatamodel;
		};
/* End XCVersionGroup section */
	};
	rootObject = 3C5052F71C82679600276B26 /* Project object */;
}
